
Microsoft Visual Studio Solution File, Format Version 12.00
# Visual Studio Version 17
VisualStudioVersion = 17.3.32929.385
MinimumVisualStudioVersion = 10.0.40219.1
Project("{9A19103F-16F7-4668-BE54-9A1E7A4F7556}") = "01_IntroToCSharp", "01_IntroToCSharp\01_IntroToCSharp.csproj", "{1EDC4B86-5B77-4BE2-840A-C69955508107}"
EndProject
Project("{9A19103F-16F7-4668-BE54-9A1E7A4F7556}") = "02_Array", "02_Array\02_Array.csproj", "{83BAEE81-4A47-4888-9BEE-62FAFB296F4C}"
EndProject
Project("{9A19103F-16F7-4668-BE54-9A1E7A4F7556}") = "03_String", "03_String\03_String.csproj", "{B9CF779D-E4D5-47F8-B9B7-DBA3B1CFE0C2}"
EndProject
Project("{9A19103F-16F7-4668-BE54-9A1E7A4F7556}") = "04_StringBuilder", "04_StringBuilder\04_StringBuilder.csproj", "{7B570452-B009-444E-A938-EC43694F71DA}"
EndProject
Project("{9A19103F-16F7-4668-BE54-9A1E7A4F7556}") = "05_IntroToOOP", "05_IntroToOOP\05_IntroToOOP.csproj", "{9BE972A2-CF53-4CB4-894D-DF0ED87B0663}"
EndProject
Project("{9A19103F-16F7-4668-BE54-9A1E7A4F7556}") = "06_IntroToOOPSixSharp", "06_IntroToOOPSixSharp\06_IntroToOOPSixSharp.csproj", "{7C9632CF-0EE4-4F43-A011-A2A1AC68621E}"
EndProject
Project("{9A19103F-16F7-4668-BE54-9A1E7A4F7556}") = "07_PartialClass", "07_PartialClass\07_PartialClass.csproj", "{B6C4A6A4-FE82-4308-8F61-994ADAC81798}"
EndProject
Project("{9A19103F-16F7-4668-BE54-9A1E7A4F7556}") = "08_Ref_Out", "08_Ref_Out\08_Ref_Out.csproj", "{E5BED412-777D-4F69-94EF-11EA1D7BBC56}"
EndProject
Project("{9A19103F-16F7-4668-BE54-9A1E7A4F7556}") = "09_OverloadOperators", "09_OverloadOperators\09_OverloadOperators.csproj", "{DFAF3D65-DF06-4495-AA4E-2C66D7461CCD}"
EndProject
Project("{9A19103F-16F7-4668-BE54-9A1E7A4F7556}") = "10_Indexes", "10_Indexes\10_Indexes.csproj", "{7865BA7F-E726-43ED-884D-97D154E91461}"
EndProject
Project("{9A19103F-16F7-4668-BE54-9A1E7A4F7556}") = "11_Inheritance", "11_Inheritance\11_Inheritance.csproj", "{12A828E5-CDDA-4899-B28F-8251C6ECB7B1}"
EndProject
Project("{9A19103F-16F7-4668-BE54-9A1E7A4F7556}") = "12_Interfaces", "12_Interfaces\12_Interfaces.csproj", "{7DE2F651-37D5-456A-B47D-31EA73894A77}"
EndProject
Project("{FAE04EC0-301F-11D3-BF4B-00C04F79EFBC}") = "13_InterfaceIndexer", "13_InterfaceIndexer\13_InterfaceIndexer.csproj", "{1EC1019C-2207-46E2-8E51-E0404BFCAB74}"
EndProject
Project("{FAE04EC0-301F-11D3-BF4B-00C04F79EFBC}") = "14_StandartInterface", "14_StandartInterface\14_StandartInterface.csproj", "{72951FEE-4B44-4425-84A0-B7B1A0F7F203}"
EndProject
Project("{FAE04EC0-301F-11D3-BF4B-00C04F79EFBC}") = "15_Enum", "15_Enum\15_Enum.csproj", "{81A4754A-468B-458E-81C1-E1049CBFFB5F}"
EndProject
Project("{FAE04EC0-301F-11D3-BF4B-00C04F79EFBC}") = "16_Extensions", "16_Extensions\16_Extensions.csproj", "{16FF3424-27C7-4E79-AF01-CB67D0524B6F}"
EndProject
Global
	GlobalSection(SolutionConfigurationPlatforms) = preSolution
		Debug|Any CPU = Debug|Any CPU
		Release|Any CPU = Release|Any CPU
	EndGlobalSection
	GlobalSection(ProjectConfigurationPlatforms) = postSolution
		{1EDC4B86-5B77-4BE2-840A-C69955508107}.Debug|Any CPU.ActiveCfg = Debug|Any CPU
		{1EDC4B86-5B77-4BE2-840A-C69955508107}.Debug|Any CPU.Build.0 = Debug|Any CPU
		{1EDC4B86-5B77-4BE2-840A-C69955508107}.Release|Any CPU.ActiveCfg = Release|Any CPU
		{1EDC4B86-5B77-4BE2-840A-C69955508107}.Release|Any CPU.Build.0 = Release|Any CPU
		{83BAEE81-4A47-4888-9BEE-62FAFB296F4C}.Debug|Any CPU.ActiveCfg = Debug|Any CPU
		{83BAEE81-4A47-4888-9BEE-62FAFB296F4C}.Debug|Any CPU.Build.0 = Debug|Any CPU
		{83BAEE81-4A47-4888-9BEE-62FAFB296F4C}.Release|Any CPU.ActiveCfg = Release|Any CPU
		{83BAEE81-4A47-4888-9BEE-62FAFB296F4C}.Release|Any CPU.Build.0 = Release|Any CPU
		{B9CF779D-E4D5-47F8-B9B7-DBA3B1CFE0C2}.Debug|Any CPU.ActiveCfg = Debug|Any CPU
		{B9CF779D-E4D5-47F8-B9B7-DBA3B1CFE0C2}.Debug|Any CPU.Build.0 = Debug|Any CPU
		{B9CF779D-E4D5-47F8-B9B7-DBA3B1CFE0C2}.Release|Any CPU.ActiveCfg = Release|Any CPU
		{B9CF779D-E4D5-47F8-B9B7-DBA3B1CFE0C2}.Release|Any CPU.Build.0 = Release|Any CPU
		{7B570452-B009-444E-A938-EC43694F71DA}.Debug|Any CPU.ActiveCfg = Debug|Any CPU
		{7B570452-B009-444E-A938-EC43694F71DA}.Debug|Any CPU.Build.0 = Debug|Any CPU
		{7B570452-B009-444E-A938-EC43694F71DA}.Release|Any CPU.ActiveCfg = Release|Any CPU
		{7B570452-B009-444E-A938-EC43694F71DA}.Release|Any CPU.Build.0 = Release|Any CPU
		{9BE972A2-CF53-4CB4-894D-DF0ED87B0663}.Debug|Any CPU.ActiveCfg = Debug|Any CPU
		{9BE972A2-CF53-4CB4-894D-DF0ED87B0663}.Debug|Any CPU.Build.0 = Debug|Any CPU
		{9BE972A2-CF53-4CB4-894D-DF0ED87B0663}.Release|Any CPU.ActiveCfg = Release|Any CPU
		{9BE972A2-CF53-4CB4-894D-DF0ED87B0663}.Release|Any CPU.Build.0 = Release|Any CPU
		{7C9632CF-0EE4-4F43-A011-A2A1AC68621E}.Debug|Any CPU.ActiveCfg = Debug|Any CPU
		{7C9632CF-0EE4-4F43-A011-A2A1AC68621E}.Debug|Any CPU.Build.0 = Debug|Any CPU
		{7C9632CF-0EE4-4F43-A011-A2A1AC68621E}.Release|Any CPU.ActiveCfg = Release|Any CPU
		{7C9632CF-0EE4-4F43-A011-A2A1AC68621E}.Release|Any CPU.Build.0 = Release|Any CPU
		{B6C4A6A4-FE82-4308-8F61-994ADAC81798}.Debug|Any CPU.ActiveCfg = Debug|Any CPU
		{B6C4A6A4-FE82-4308-8F61-994ADAC81798}.Debug|Any CPU.Build.0 = Debug|Any CPU
		{B6C4A6A4-FE82-4308-8F61-994ADAC81798}.Release|Any CPU.ActiveCfg = Release|Any CPU
		{B6C4A6A4-FE82-4308-8F61-994ADAC81798}.Release|Any CPU.Build.0 = Release|Any CPU
		{E5BED412-777D-4F69-94EF-11EA1D7BBC56}.Debug|Any CPU.ActiveCfg = Debug|Any CPU
		{E5BED412-777D-4F69-94EF-11EA1D7BBC56}.Debug|Any CPU.Build.0 = Debug|Any CPU
		{E5BED412-777D-4F69-94EF-11EA1D7BBC56}.Release|Any CPU.ActiveCfg = Release|Any CPU
		{E5BED412-777D-4F69-94EF-11EA1D7BBC56}.Release|Any CPU.Build.0 = Release|Any CPU
		{DFAF3D65-DF06-4495-AA4E-2C66D7461CCD}.Debug|Any CPU.ActiveCfg = Debug|Any CPU
		{DFAF3D65-DF06-4495-AA4E-2C66D7461CCD}.Debug|Any CPU.Build.0 = Debug|Any CPU
		{DFAF3D65-DF06-4495-AA4E-2C66D7461CCD}.Release|Any CPU.ActiveCfg = Release|Any CPU
		{DFAF3D65-DF06-4495-AA4E-2C66D7461CCD}.Release|Any CPU.Build.0 = Release|Any CPU
		{7865BA7F-E726-43ED-884D-97D154E91461}.Debug|Any CPU.ActiveCfg = Debug|Any CPU
		{7865BA7F-E726-43ED-884D-97D154E91461}.Debug|Any CPU.Build.0 = Debug|Any CPU
		{7865BA7F-E726-43ED-884D-97D154E91461}.Release|Any CPU.ActiveCfg = Release|Any CPU
		{7865BA7F-E726-43ED-884D-97D154E91461}.Release|Any CPU.Build.0 = Release|Any CPU
		{12A828E5-CDDA-4899-B28F-8251C6ECB7B1}.Debug|Any CPU.ActiveCfg = Debug|Any CPU
		{12A828E5-CDDA-4899-B28F-8251C6ECB7B1}.Debug|Any CPU.Build.0 = Debug|Any CPU
		{12A828E5-CDDA-4899-B28F-8251C6ECB7B1}.Release|Any CPU.ActiveCfg = Release|Any CPU
		{12A828E5-CDDA-4899-B28F-8251C6ECB7B1}.Release|Any CPU.Build.0 = Release|Any CPU
		{7DE2F651-37D5-456A-B47D-31EA73894A77}.Debug|Any CPU.ActiveCfg = Debug|Any CPU
		{7DE2F651-37D5-456A-B47D-31EA73894A77}.Debug|Any CPU.Build.0 = Debug|Any CPU
		{7DE2F651-37D5-456A-B47D-31EA73894A77}.Release|Any CPU.ActiveCfg = Release|Any CPU
		{7DE2F651-37D5-456A-B47D-31EA73894A77}.Release|Any CPU.Build.0 = Release|Any CPU
		{1EC1019C-2207-46E2-8E51-E0404BFCAB74}.Debug|Any CPU.ActiveCfg = Debug|Any CPU
		{1EC1019C-2207-46E2-8E51-E0404BFCAB74}.Debug|Any CPU.Build.0 = Debug|Any CPU
		{1EC1019C-2207-46E2-8E51-E0404BFCAB74}.Release|Any CPU.ActiveCfg = Release|Any CPU
		{1EC1019C-2207-46E2-8E51-E0404BFCAB74}.Release|Any CPU.Build.0 = Release|Any CPU
		{72951FEE-4B44-4425-84A0-B7B1A0F7F203}.Debug|Any CPU.ActiveCfg = Debug|Any CPU
		{72951FEE-4B44-4425-84A0-B7B1A0F7F203}.Debug|Any CPU.Build.0 = Debug|Any CPU
		{72951FEE-4B44-4425-84A0-B7B1A0F7F203}.Release|Any CPU.ActiveCfg = Release|Any CPU
		{72951FEE-4B44-4425-84A0-B7B1A0F7F203}.Release|Any CPU.Build.0 = Release|Any CPU
		{81A4754A-468B-458E-81C1-E1049CBFFB5F}.Debug|Any CPU.ActiveCfg = Debug|Any CPU
		{81A4754A-468B-458E-81C1-E1049CBFFB5F}.Debug|Any CPU.Build.0 = Debug|Any CPU
		{81A4754A-468B-458E-81C1-E1049CBFFB5F}.Release|Any CPU.ActiveCfg = Release|Any CPU
		{81A4754A-468B-458E-81C1-E1049CBFFB5F}.Release|Any CPU.Build.0 = Release|Any CPU
		{16FF3424-27C7-4E79-AF01-CB67D0524B6F}.Debug|Any CPU.ActiveCfg = Debug|Any CPU
		{16FF3424-27C7-4E79-AF01-CB67D0524B6F}.Debug|Any CPU.Build.0 = Debug|Any CPU
		{16FF3424-27C7-4E79-AF01-CB67D0524B6F}.Release|Any CPU.ActiveCfg = Release|Any CPU
		{16FF3424-27C7-4E79-AF01-CB67D0524B6F}.Release|Any CPU.Build.0 = Release|Any CPU
	EndGlobalSection
	GlobalSection(SolutionProperties) = preSolution
		HideSolutionNode = FALSE
	EndGlobalSection
	GlobalSection(ExtensibilityGlobals) = postSolution
		SolutionGuid = {25A3245C-BFD6-4EE8-983A-3DE9B94F2EAC}
	EndGlobalSection
EndGlobal
